
Microsoft Visual Studio Solution File, Format Version 12.00
# Visual Studio 14
VisualStudioVersion = 14.0.25420.1
MinimumVisualStudioVersion = 10.0.40219.1
Project("{D2ABAB84-BF74-430A-B69E-9DC6D40DDA17}") = "SSASGranularityTest", "SSASGranularityTest\SSASGranularityTest.dwproj", "{766BBDE6-D949-43C2-9A9D-19F44F144558}"
EndProject
Global
	GlobalSection(SolutionConfigurationPlatforms) = preSolution
		Development|Default = Development|Default
	EndGlobalSection
	GlobalSection(ProjectConfigurationPlatforms) = postSolution
		{766BBDE6-D949-43C2-9A9D-19F44F144558}.Development|Default.ActiveCfg = Development
		{766BBDE6-D949-43C2-9A9D-19F44F144558}.Development|Default.Build.0 = Development
		{766BBDE6-D949-43C2-9A9D-19F44F144558}.Development|Default.Deploy.0 = Development
	EndGlobalSection
	GlobalSection(SolutionProperties) = preSolution
		HideSolutionNode = FALSE
	EndGlobalSection
	GlobalSection(TeamFoundationVersionControl) = preSolution
		SccNumberOfProjects = 2
		SccEnterpriseProvider = {4CA58AB2-18FA-4F8D-95D4-32DDF27D184C}
		SccTeamFoundationServer = https://kevjwills.visualstudio.com/
		SccLocalPath0 = .
		SccProjectUniqueName1 = SSASGranularityTest\\SSASGranularityTest.dwproj
		SccProjectName1 = SSASGranularityTest
		SccLocalPath1 = SSASGranularityTest
	EndGlobalSection
EndGlobal
