
Microsoft Visual Studio Solution File, Format Version 12.00
# Visual Studio 15
VisualStudioVersion = 15.0.27428.2037
MinimumVisualStudioVersion = 10.0.40219.1
Project("{00D1A9C2-B5F0-4AF3-8072-F6C62B433612}") = "PartitionSwitching", "PartitionSwitching\PartitionSwitching.sqlproj", "{2A2FCE0D-23DE-46EF-8999-0DE5912C4A80}"
EndProject
Global
	GlobalSection(SolutionConfigurationPlatforms) = preSolution
		Debug|Any CPU = Debug|Any CPU
		Release|Any CPU = Release|Any CPU
	EndGlobalSection
	GlobalSection(ProjectConfigurationPlatforms) = postSolution
		{2A2FCE0D-23DE-46EF-8999-0DE5912C4A80}.Debug|Any CPU.ActiveCfg = Debug|Any CPU
		{2A2FCE0D-23DE-46EF-8999-0DE5912C4A80}.Debug|Any CPU.Build.0 = Debug|Any CPU
		{2A2FCE0D-23DE-46EF-8999-0DE5912C4A80}.Debug|Any CPU.Deploy.0 = Debug|Any CPU
		{2A2FCE0D-23DE-46EF-8999-0DE5912C4A80}.Release|Any CPU.ActiveCfg = Release|Any CPU
		{2A2FCE0D-23DE-46EF-8999-0DE5912C4A80}.Release|Any CPU.Build.0 = Release|Any CPU
		{2A2FCE0D-23DE-46EF-8999-0DE5912C4A80}.Release|Any CPU.Deploy.0 = Release|Any CPU
	EndGlobalSection
	GlobalSection(SolutionProperties) = preSolution
		HideSolutionNode = FALSE
	EndGlobalSection
	GlobalSection(ExtensibilityGlobals) = postSolution
		SolutionGuid = {62A21859-89F6-402F-9FFC-A0C06F54DFD7}
	EndGlobalSection
	GlobalSection(TeamFoundationVersionControl) = preSolution
		SccNumberOfProjects = 2
		SccEnterpriseProvider = {4CA58AB2-18FA-4F8D-95D4-32DDF27D184C}
		SccTeamFoundationServer = https://kevjwills.visualstudio.com/
		SccLocalPath0 = .
		SccProjectUniqueName1 = PartitionSwitching\\PartitionSwitching.sqlproj
		SccProjectName1 = PartitionSwitching
		SccLocalPath1 = PartitionSwitching
	EndGlobalSection
EndGlobal
