
Microsoft Visual Studio Solution File, Format Version 12.00
# Visual Studio 15
VisualStudioVersion = 15.0.27130.2027
MinimumVisualStudioVersion = 10.0.40219.1
Project("{2150E333-8FDC-42A3-9474-1A3956D46DE8}") = "Solution Items", "Solution Items", "{977680C9-8403-41B5-951B-414CE4835425}"
EndProject
Project("{159641D6-6404-4A2A-AE62-294DE0FE8301}") = "WWI_SSIS", "Integration Services Project1\WWI_SSIS.dtproj", "{8EABB2C1-ED4E-4322-BE6F-F4C70D9C60D8}"
EndProject
Global
	GlobalSection(SolutionConfigurationPlatforms) = preSolution
		Development|Default = Development|Default
	EndGlobalSection
	GlobalSection(ProjectConfigurationPlatforms) = postSolution
		{8EABB2C1-ED4E-4322-BE6F-F4C70D9C60D8}.Development|Default.ActiveCfg = Development
		{8EABB2C1-ED4E-4322-BE6F-F4C70D9C60D8}.Development|Default.Build.0 = Development
	EndGlobalSection
	GlobalSection(SolutionProperties) = preSolution
		HideSolutionNode = FALSE
	EndGlobalSection
	GlobalSection(ExtensibilityGlobals) = postSolution
		SolutionGuid = {B056A791-EB48-4C61-8DDC-D6E298F410CC}
	EndGlobalSection
	GlobalSection(TeamFoundationVersionControl) = preSolution
		SccNumberOfProjects = 2
		SccEnterpriseProvider = {4CA58AB2-18FA-4F8D-95D4-32DDF27D184C}
		SccTeamFoundationServer = https://kevjwills.visualstudio.com/
		SccLocalPath0 = .
		SccProjectUniqueName1 = Integration\u0020Services\u0020Project1\\WWI_SSIS.dtproj
		SccProjectName1 = Integration\u0020Services\u0020Project1
		SccLocalPath1 = Integration\u0020Services\u0020Project1
	EndGlobalSection
EndGlobal
