
Microsoft Visual Studio Solution File, Format Version 12.00
# Visual Studio 14
VisualStudioVersion = 14.0.25420.1
MinimumVisualStudioVersion = 10.0.40219.1
Project("{159641D6-6404-4A2A-AE62-294DE0FE8301}") = "Indexes_ETL", "Indexes_ETL\Indexes_ETL.dtproj", "{B200CBE6-0B26-467A-AEE0-1AE334BF748C}"
EndProject
Global
	GlobalSection(SolutionConfigurationPlatforms) = preSolution
		Development|Default = Development|Default
	EndGlobalSection
	GlobalSection(ProjectConfigurationPlatforms) = postSolution
		{B200CBE6-0B26-467A-AEE0-1AE334BF748C}.Development|Default.ActiveCfg = Development
		{B200CBE6-0B26-467A-AEE0-1AE334BF748C}.Development|Default.Build.0 = Development
	EndGlobalSection
	GlobalSection(SolutionProperties) = preSolution
		HideSolutionNode = FALSE
	EndGlobalSection
	GlobalSection(TeamFoundationVersionControl) = preSolution
		SccNumberOfProjects = 2
		SccEnterpriseProvider = {4CA58AB2-18FA-4F8D-95D4-32DDF27D184C}
		SccTeamFoundationServer = https://kevjwills.visualstudio.com/
		SccLocalPath0 = .
		SccProjectUniqueName1 = Indexes_ETL\\Indexes_ETL.dtproj
		SccProjectName1 = Indexes_ETL
		SccLocalPath1 = Indexes_ETL
	EndGlobalSection
EndGlobal
